Microsoft Visual Studio Solution File, Format Version 12.00
# Visual Studio Version 17
VisualStudioVersion = 17.13.35931.197 d17.13
MinimumVisualStudioVersion = 10.0.40219.1
Project("{FAE04EC0-301F-11D3-BF4B-00C04F79EFBC}") = "FincaAppApi", "FincaAppApi\FincaAppApi.csproj", "{C9A4E7A6-13A4-4851-A5E7-D429F66D3A02}"
EndProject
Project("{FAE04EC0-301F-11D3-BF4B-00C04F79EFBC}") = "FincaAppApplication", "FincaAppApplication\FincaAppApplication.csproj", "{98F9F459-1334-4F84-81E2-4F6B722B912F}"
EndProject
Project("{FAE04EC0-301F-11D3-BF4B-00C04F79EFBC}") = "FincaAppDomain", "FincaAppDomain\FincaAppDomain.csproj", "{E6F5C8E1-71A6-496F-B433-9B6A1759A1D6}"
EndProject
Project("{FAE04EC0-301F-11D3-BF4B-00C04F79EFBC}") = "FincaAppInfrastructure", "FincaAppInfrastructure\FincaAppInfrastructure.csproj", "{1B8F4D96-9077-4771-B6D0-490ED7128B0E}"
EndProject
Global
	GlobalSection(SolutionConfigurationPlatforms) = preSolution
		Debug|Any CPU = Debug|Any CPU
		Release|Any CPU = Release|Any CPU
	EndGlobalSection
	GlobalSection(ProjectConfigurationPlatforms) = postSolution
		{C9A4E7A6-13A4-4851-A5E7-D429F66D3A02}.Debug|Any CPU.ActiveCfg = Debug|Any CPU
		{C9A4E7A6-13A4-4851-A5E7-D429F66D3A02}.Debug|Any CPU.Build.0 = Debug|Any CPU
		{C9A4E7A6-13A4-4851-A5E7-D429F66D3A02}.Release|Any CPU.ActiveCfg = Release|Any CPU
		{C9A4E7A6-13A4-4851-A5E7-D429F66D3A02}.Release|Any CPU.Build.0 = Release|Any CPU
		{98F9F459-1334-4F84-81E2-4F6B722B912F}.Debug|Any CPU.ActiveCfg = Debug|Any CPU
		{98F9F459-1334-4F84-81E2-4F6B722B912F}.Debug|Any CPU.Build.0 = Debug|Any CPU
		{98F9F459-1334-4F84-81E2-4F6B722B912F}.Release|Any CPU.ActiveCfg = Release|Any CPU
		{98F9F459-1334-4F84-81E2-4F6B722B912F}.Release|Any CPU.Build.0 = Release|Any CPU
		{E6F5C8E1-71A6-496F-B433-9B6A1759A1D6}.Debug|Any CPU.ActiveCfg = Debug|Any CPU
		{E6F5C8E1-71A6-496F-B433-9B6A1759A1D6}.Debug|Any CPU.Build.0 = Debug|Any CPU
		{E6F5C8E1-71A6-496F-B433-9B6A1759A1D6}.Release|Any CPU.ActiveCfg = Release|Any CPU
		{E6F5C8E1-71A6-496F-B433-9B6A1759A1D6}.Release|Any CPU.Build.0 = Release|Any CPU
		{1B8F4D96-9077-4771-B6D0-490ED7128B0E}.Debug|Any CPU.ActiveCfg = Debug|Any CPU
		{1B8F4D96-9077-4771-B6D0-490ED7128B0E}.Debug|Any CPU.Build.0 = Debug|Any CPU
		{1B8F4D96-9077-4771-B6D0-490ED7128B0E}.Release|Any CPU.ActiveCfg = Release|Any CPU
		{1B8F4D96-9077-4771-B6D0-490ED7128B0E}.Release|Any CPU.Build.0 = Release|Any CPU
	EndGlobalSection
	GlobalSection(SolutionProperties) = preSolution
		HideSolutionNode = FALSE
	EndGlobalSection
	GlobalSection(ExtensibilityGlobals) = postSolution
		SolutionGuid = {72864F69-12AF-4A9B-82C1-F55F559F227C}
	EndGlobalSection
EndGlobal
